{
    "_meta": {
        "hash": {
            "sha256": "6e5fb77e4a5a0cbf21af6feef32b6ce6f04533a198884bc92d67ca0741198363"
        },
        "pipfile-spec": 6,
        "requires": {
            "python_version": "3.7"
        },
        "sources": [
            {
                "name": "pypi",
                "url": "https://pypi.org/simple",
                "verify_ssl": true
            }
        ]
    },
    "default": {
        "aiohttp": {
            "hashes": [
                "sha256:034c738f406438d2cb6b5c02b53f8ce3de07083e3d0cb3190584508dd5fbd7d2",
                "sha256:08d2f8f4ddde904548e0da82329be63a57903ec5b8cd962fab607c5875c8d955",
                "sha256:355614f983226a534ece659ec3fc30d921b57404a9fe18e32121c274eb2477cb",
                "sha256:5831c27aa16b978d88b3018b31291973787750af10c886cfebf6b5475759645e",
                "sha256:9ab261b8864eb7a78867b92d7abf3bea0b134ecc97e5f5edb287219f878a4db7",
                "sha256:a7f9438b554a21eb76ab5886d2bfbb7f4a722d2723500253462e486487f5462c",
                "sha256:ad904936045e4876c14e6484b3b0fdae4be276fb577ee6ae2695dc21035690f5",
                "sha256:b5724d1da2a16897a8ad0533d2e4d18ee15fc973521e6ccf3b0b8998649bc7ba",
                "sha256:fc79355ea0f29eda0e33d159d0dd8c28e6d710785d99e70731f17c1fa0ab7bed"
            ],
            "index": "pypi",
            "version": "==0.22.0"
        },
        "chardet": {
            "hashes": [
                "sha256:0368df2bfd78b5fc20572bb4e9bb7fb53e2c094f60ae9993339e8671d0afb8aa",
                "sha256:d3e64f022d254183001eccc5db4040520c0f23b1a3f33d6413e099eb7f126557"
            ],
            "markers": "python_version >= '3.6'",
            "version": "==5.0.0"
        },
        "multidict": {
            "hashes": [
                "sha256:0327292e745a880459ef71be14e709aaea2f783f3537588fb4ed09b6c01bca60",
                "sha256:041b81a5f6b38244b34dc18c7b6aba91f9cdaf854d9a39e5ff0b58e2b5773b9c",
                "sha256:0556a1d4ea2d949efe5fd76a09b4a82e3a4a30700553a6725535098d8d9fb672",
                "sha256:05f6949d6169878a03e607a21e3b862eaf8e356590e8bdae4227eedadacf6e51",
                "sha256:07a017cfa00c9890011628eab2503bee5872f27144936a52eaab449be5eaf032",
                "sha256:0b9e95a740109c6047602f4db4da9949e6c5945cefbad34a1299775ddc9a62e2",
                "sha256:19adcfc2a7197cdc3987044e3f415168fc5dc1f720c932eb1ef4f71a2067e08b",
                "sha256:19d9bad105dfb34eb539c97b132057a4e709919ec4dd883ece5838bcbf262b80",
                "sha256:225383a6603c086e6cef0f2f05564acb4f4d5f019a4e3e983f572b8530f70c88",
                "sha256:23b616fdc3c74c9fe01d76ce0d1ce872d2d396d8fa8e4899398ad64fb5aa214a",
                "sha256:2957489cba47c2539a8eb7ab32ff49101439ccf78eab724c828c1a54ff3ff98d",
                "sha256:2d36e929d7f6a16d4eb11b250719c39560dd70545356365b494249e2186bc389",
                "sha256:2e4a0785b84fb59e43c18a015ffc575ba93f7d1dbd272b4cdad9f5134b8a006c",
                "sha256:3368bf2398b0e0fcbf46d85795adc4c259299fec50c1416d0f77c0a843a3eed9",
                "sha256:373ba9d1d061c76462d74e7de1c0c8e267e9791ee8cfefcf6b0b2495762c370c",
                "sha256:4070613ea2227da2bfb2c35a6041e4371b0af6b0be57f424fe2318b42a748516",
                "sha256:45183c96ddf61bf96d2684d9fbaf6f3564d86b34cb125761f9a0ef9e36c1d55b",
                "sha256:4571f1beddff25f3e925eea34268422622963cd8dc395bb8778eb28418248e43",
                "sha256:47e6a7e923e9cada7c139531feac59448f1f47727a79076c0b1ee80274cd8eee",
                "sha256:47fbeedbf94bed6547d3aa632075d804867a352d86688c04e606971595460227",
                "sha256:497988d6b6ec6ed6f87030ec03280b696ca47dbf0648045e4e1d28b80346560d",
                "sha256:4bae31803d708f6f15fd98be6a6ac0b6958fcf68fda3c77a048a4f9073704aae",
                "sha256:50bd442726e288e884f7be9071016c15a8742eb689a593a0cac49ea093eef0a7",
                "sha256:514fe2b8d750d6cdb4712346a2c5084a80220821a3e91f3f71eec11cf8d28fd4",
                "sha256:5774d9218d77befa7b70d836004a768fb9aa4fdb53c97498f4d8d3f67bb9cfa9",
                "sha256:5fdda29a3c7e76a064f2477c9aab1ba96fd94e02e386f1e665bca1807fc5386f",
                "sha256:5ff3bd75f38e4c43f1f470f2df7a4d430b821c4ce22be384e1459cb57d6bb013",
                "sha256:626fe10ac87851f4cffecee161fc6f8f9853f0f6f1035b59337a51d29ff3b4f9",
                "sha256:6701bf8a5d03a43375909ac91b6980aea74b0f5402fbe9428fc3f6edf5d9677e",
                "sha256:684133b1e1fe91eda8fa7447f137c9490a064c6b7f392aa857bba83a28cfb693",
                "sha256:6f3cdef8a247d1eafa649085812f8a310e728bdf3900ff6c434eafb2d443b23a",
                "sha256:75bdf08716edde767b09e76829db8c1e5ca9d8bb0a8d4bd94ae1eafe3dac5e15",
                "sha256:7c40b7bbece294ae3a87c1bc2abff0ff9beef41d14188cda94ada7bcea99b0fb",
                "sha256:8004dca28e15b86d1b1372515f32eb6f814bdf6f00952699bdeb541691091f96",
                "sha256:8064b7c6f0af936a741ea1efd18690bacfbae4078c0c385d7c3f611d11f0cf87",
                "sha256:89171b2c769e03a953d5969b2f272efa931426355b6c0cb508022976a17fd376",
                "sha256:8cbf0132f3de7cc6c6ce00147cc78e6439ea736cee6bca4f068bcf892b0fd658",
                "sha256:9cc57c68cb9139c7cd6fc39f211b02198e69fb90ce4bc4a094cf5fe0d20fd8b0",
                "sha256:a007b1638e148c3cfb6bf0bdc4f82776cef0ac487191d093cdc316905e504071",
                "sha256:a2c34a93e1d2aa35fbf1485e5010337c72c6791407d03aa5f4eed920343dd360",
                "sha256:a45e1135cb07086833ce969555df39149680e5471c04dfd6a915abd2fc3f6dbc",
                "sha256:ac0e27844758d7177989ce406acc6a83c16ed4524ebc363c1f748cba184d89d3",
                "sha256:aef9cc3d9c7d63d924adac329c33835e0243b5052a6dfcbf7732a921c6e918ba",
                "sha256:b9d153e7f1f9ba0b23ad1568b3b9e17301e23b042c23870f9ee0522dc5cc79e8",
                "sha256:bfba7c6d5d7c9099ba21f84662b037a0ffd4a5e6b26ac07d19e423e6fdf965a9",
                "sha256:c207fff63adcdf5a485969131dc70e4b194327666b7e8a87a97fbc4fd80a53b2",
                "sha256:d0509e469d48940147e1235d994cd849a8f8195e0bca65f8f5439c56e17872a3",
                "sha256:d16cce709ebfadc91278a1c005e3c17dd5f71f5098bfae1035149785ea6e9c68",
                "sha256:d48b8ee1d4068561ce8033d2c344cf5232cb29ee1a0206a7b828c79cbc5982b8",
                "sha256:de989b195c3d636ba000ee4281cd03bb1234635b124bf4cd89eeee9ca8fcb09d",
                "sha256:e07c8e79d6e6fd37b42f3250dba122053fddb319e84b55dd3a8d6446e1a7ee49",
                "sha256:e2c2e459f7050aeb7c1b1276763364884595d47000c1cddb51764c0d8976e608",
                "sha256:e5b20e9599ba74391ca0cfbd7b328fcc20976823ba19bc573983a25b32e92b57",
                "sha256:e875b6086e325bab7e680e4316d667fc0e5e174bb5611eb16b3ea121c8951b86",
                "sha256:f4f052ee022928d34fe1f4d2bc743f32609fb79ed9c49a1710a5ad6b2198db20",
                "sha256:fcb91630817aa8b9bc4a74023e4198480587269c272c58b3279875ed7235c293",
                "sha256:fd9fc9c4849a07f3635ccffa895d57abce554b467d611a5009ba4f39b78a8849",
                "sha256:feba80698173761cddd814fa22e88b0661e98cb810f9f986c54aa34d281e4937",
                "sha256:feea820722e69451743a3d56ad74948b68bf456984d63c1a92e8347b7b88452d"
            ],
            "markers": "python_version >= '3.7'",
            "version": "==6.0.2"
        },
        "pygame": {
            "hashes": [
                "sha256:0c0c3806188719fec635471b9257db4daa947c6896465a425f39690a8e9ad323",
                "sha256:0f50c4ac857fef1ddfd09921ed8cf16c2b5e5dccd23aa27d66847225f9879f95",
                "sha256:0f97702b49367e6eb1de72110c63e816b96fa29c9404689c185189e106c58f3a",
                "sha256:1521d4b0788cf3e9e4bb3a918ffe3bccbdc5c71ab5149d20b3998d1cb609b123",
                "sha256:17f2311788273cd61c6c94637ccb0aac1b454069ef8342bf7696dd34e8150f22",
                "sha256:1d9cb4bae275d6341c46acc77741407abff10357d5711c29a94a9874875ac7d1",
                "sha256:27f63297bca65260da0008f9c762846a06511940a19645d391f08c10e7f7a9cf",
                "sha256:2b431939449be794dc26365e6b4ce0c25b68589b37e6a52a876b3e3a9dfbf777",
                "sha256:2ff774e4fa4ec1771a50002a9dff9e488652b214101f7c7602250c4296339a34",
                "sha256:342913fcc194c646e56885066ae236afb741e674073e31062e13af892d4278eb",
                "sha256:3ada06dbf6c1d685997805221134b0818e3d36b53fa2ba92dd199ef3675fc32c",
                "sha256:3d2745ff5763eb484efdd1ed2a960a5ba63c8265b9270ba2ffa41f49c601d74a",
                "sha256:3d87310f11319d97bf220002b2298bc056b3af8a6b580e85ce4dd9dc3ba0b4c6",
                "sha256:404d15949fde1f0e4a9868f15e459aa8e8384f1c4ae1def2ad32fab5f1942409",
                "sha256:42ee37f998d72aff072cd2ae809a8baf6665b6a8c1435ace61327da95120bd91",
                "sha256:46590155ee15e00f7ffa3ef653cf16a45630e9c4d51120d61f110d48e769062c",
                "sha256:485ae10c0588f76a1f0644b9a5f38d10d60dc8b022d6397efd277f9f8acc8fcd",
                "sha256:4c05a5d6c661bb4aeac49c15ce5e32219c0593c9c411246f9cb58bb3acca4b26",
                "sha256:53e0e08a303dd367d329394160880d65c607eb107780687953a2760e2bad6129",
                "sha256:54ee4e068cc246c720700a25039f61b4008e00477d18962b8eebfc88d01ada36",
                "sha256:57c0b90c05afb21102e5addce7e51c1b6362f1aadd26f88c0792db41e1e4d60d",
                "sha256:5c18bb4609687b3f52e306821632ea87f7ea0a92158bfce15cd96a30b9b225d0",
                "sha256:6113e346eaa886f650f8a357c546abc95d7cb0a1cb86914d9017ba17613e0937",
                "sha256:63c685787d7f817a5eff757df93a3ea5001fc5c016a20d19b04ca8fa53fb0310",
                "sha256:6524538a8bf05f2704c08a307f244b95c725100dbc5f8d565a539f15e7f2a449",
                "sha256:65b77fb38fe7fdcef5aef0c55e686bb6607b3261a4c58f611e5c45d76a460f34",
                "sha256:66c562e0c96eb64643d055129ce7a78e6c8aef124a48e7b2d428654f673f54dc",
                "sha256:69ade86b6e4d341a3be20bad6e7bd908afb088fe5fcbb5c41a6ddd92ce2a5463",
                "sha256:6b68b71aa82d3e2fcfaf0876516c8cacc1f274cfa073d72a446bcd01a594d8a7",
                "sha256:6c648df1e1662f43f5b2aef32551dc20a20f4c1fc6008abe739083e58fbdf878",
                "sha256:6d10f2dc9586708d9b979bb9dea0e4cc69aa35330887397bfd220952976ecedd",
                "sha256:708b993d0bf30c2439d07637bcde7b354918ecd208daadc7327b9fa688a92bf4",
                "sha256:70d81a43858ed59631c361c74812caef22b99cfaa576ef54070b61ea7161cbd3",
                "sha256:73223c36a0b212e38ec87da6e49ad5a7d0be750d5c64baafaf96d814ad68d6c3",
                "sha256:73b2c5e9b20a3a4d58c3f0e441dabceb6ff8f04033dbfc4320a7d4e3a4685d97",
                "sha256:74601990042c2fe654979cb42d0cf3d559d08e0c11e430b3c5779f3404cf497d",
                "sha256:749bc3c9dbd89437a04f2217c40744fc1ecbef3cd0128ceb08f4b8689f8c0880",
                "sha256:7b3bac9ad5d72546e256afebca32206b8227b8db47a5dce2107d9cd1e5b5b180",
                "sha256:7d1cc5835360703608464e2c13bdf33ad02457f11d27cc4e4185432277654c72",
                "sha256:80e148f83ab59e92742b57231d63ab26a7699c79da0d524cee2f48036aa1e533",
                "sha256:899f97ad04fd9954e1745430d4e15ea70f418e152a6499246afe809d07192004",
                "sha256:8e607a4f34a731ea2220f72f08512ee2e76a4f79af6421e11dd024b0fb3db876",
                "sha256:8f87bba8bbcdac611b19f951d52bd849f348f1d5eac1517ed37482930a73cb85",
                "sha256:914fc5ceb5d51dba296c4c3ad8e9ce46c65386f1e18c358b24d73978cc97af25",
                "sha256:91de21e83352677dd0c229a53c99606acce887cf2347a6d55fa2548e4346b1ce",
                "sha256:920db86edd813e293979965ea0b654048489cbd98795dd2dd32946243aede9d9",
                "sha256:9396ceebf45b9b6da1694dffdf6b74e4519e88ac52d8a561de2b84b47c278f2a",
                "sha256:93f2883d5530749c64b2a55754e2c8a33cd51c97867c6d608829717346a5704e",
                "sha256:962ff332d573c86662fe14ee3401eae6ea44838515785970ecc779e8891735c4",
                "sha256:a18fbbd04f7cc88ca41c0b6110a45d324445884d3d685ee5e8d8b3cd484746bd",
                "sha256:ab8dd83ca396cfaa7aa96fc6bf8cf959ee1498d20d572899612af1735aab11af",
                "sha256:afafb496ec15528cb63d32406ecffb70c98d055145e244b5d4f8569abbefb127",
                "sha256:b25e3da348209295a492cbe19ed08d8cd4d862956f74b59bbca8fd02731b3fa1",
                "sha256:b620834f6933ddf1a6412c7c552e677d6ac9247b2834c43deef1f005b954f276",
                "sha256:b714b83c97ec6125f35c97a84cfa8ad74a7e7b7a8db2c06cfa123214dbdc8166",
                "sha256:c5a7c9d1919595b148ff3d4c19226842b11892b4576e90b3e49ccd7f435973b1",
                "sha256:ce2ab219285e8acae1559fa9bb75ef15862227b9aee7339181fd5cc68eab914d",
                "sha256:cea0f21ba97a1a6903994f263c7be4c8b3ca87d554dbba4d4a5d5ef5ddfdd8f7",
                "sha256:d097f2802a9d0d7fb40c49c789af2984b202baa8fd32701082598755f5973f51",
                "sha256:d168defa7276c0f5e147f5e1a0baccbf9239a433ecf37d55cf61e71983f90601",
                "sha256:d835cdd98a34727ed7c63fdb325a8574dbab7f6ae41d9cb1a62c68cfc1966cca",
                "sha256:d87ee9138b3fa71557a4fe37e6bcec9a97942deedf1c16717338d13bd398b703",
                "sha256:d89925f17823e5999d830adcae120dddbc6e48ef1b2937b9a4c535d346decdd6",
                "sha256:da1f21e4d7a8ea8df9c69811e36d0f14d44308aa2b506a5d2550136adfa2a76b",
                "sha256:dc17d9becfa6c835ec04ac53dbf0c3dceb8f33e6f8154515877d2cc253863654",
                "sha256:e23725ca16dd26ce6706540853191f23596bae40e612dc062757d8e49bc6da13",
                "sha256:e27b0d440b7a65863385e5fc254249c4fda3b2dc62680037bd4f7d2f5677d4ce",
                "sha256:e59e314cb6aee1df2995f0a36c42977e6e6c67f958236712a14202be5dd2c386",
                "sha256:e8a9c854c6c656103b4c36154710a8d5be13f3a9a96281e2e183310ba3edfd55",
                "sha256:efc9f5f3810a459ce15abdf1b175e526475819f09b015f1499be16cec0e25ce7",
                "sha256:f1be8d716c1bf1d5f7af583cb932b3bbe42f9618424b8fb3f273291565fb5bdd",
                "sha256:f31e6a1e16fb03b913a7672e837a2d17074bcd95393643962a293ccae636cd8e",
                "sha256:f4a528cf613af87def947a659408be6e519f6eb2b3789dcc285460a2b654b15a",
                "sha256:f7a326efa38ccb9b2f0602498cb1b887c4365033e5bcf42e2cc4d5aacf17e207",
                "sha256:fd33a1f1fe1e42631ef9c6d949bb6ef0428c38b0bbbcaa9f47f13590b499a7d3"
            ],
            "index": "pypi",
            "version": "==2.0.3"
        },
        "websockets": {
            "hashes": [
                "sha256:0dd4eb8e0bbf365d6f652711ce21b8fd2b596f873d32aabb0fbb53ec604418cc",
                "sha256:1d0971cc7251aeff955aa742ec541ee8aaea4bb2ebf0245748fbec62f744a37e",
                "sha256:1d6b4fddb12ab9adf87b843cd4316c4bd602db8d5efd2fb83147f0458fe85135",
                "sha256:230a3506df6b5f446fed2398e58dcaafdff12d67fe1397dff196411a9e820d02",
                "sha256:276d2339ebf0df4f45df453923ebd2270b87900eda5dfd4a6b0cfa15f82111c3",
                "sha256:2cf04601633a4ec176b9cc3d3e73789c037641001dbfaf7c411f89cd3e04fcaf",
                "sha256:3ddff38894c7857c476feb3538dd847514379d6dc844961dc99f04b0384b1b1b",
                "sha256:48c222feb3ced18f3dc61168ca18952a22fb88e5eb8902d2bf1b50faefdc34a2",
                "sha256:51d04df04ed9d08077d10ccbe21e6805791b78eac49d16d30a1f1fe2e44ba0af",
                "sha256:597c28f3aa7a09e8c070a86b03107094ee5cdafcc0d55f2f2eac92faac8dc67d",
                "sha256:5c8f0d82ea2468282e08b0cf5307f3ad022290ed50c45d5cb7767957ca782880",
                "sha256:7189e51955f9268b2bdd6cc537e0faa06f8fffda7fb386e5922c6391de51b077",
                "sha256:7df3596838b2a0c07c6f6d67752c53859a54993d4f062689fdf547cb56d0f84f",
                "sha256:826ccf85d4514609219725ba4a7abd569228c2c9f1968e8be05be366f68291ec",
                "sha256:836d14eb53b500fd92bd5db2fc5894f7c72b634f9c2a28f546f75967503d8e25",
                "sha256:85db8090ba94e22d964498a47fdd933b8875a1add6ebc514c7ac8703eb97bbf0",
                "sha256:85e701a6c316b7067f1e8675c638036a796fe5116783a4c932e7eb8e305a3ffe",
                "sha256:900589e19200be76dd7cbaa95e9771605b5ce3f62512d039fb3bc5da9014912a",
                "sha256:9147868bb0cc01e6846606cd65cbf9c58598f187b96d14dd1ca17338b08793bb",
                "sha256:9e7fdc775fe7403dbd8bc883ba59576a6232eac96dacb56512daacf7af5d618d",
                "sha256:ab5ee15d3462198c794c49ccd31773d8a2b8c17d622aa184f669d2b98c2f0857",
                "sha256:ad893d889bc700a5835e0a95a3e4f2c39e91577ab232a3dc03c262a0f8fc4b5c",
                "sha256:b2e71c4670ebe1067fa8632f0d081e47254ee2d3d409de54168b43b0ba9147e0",
                "sha256:b43b13e5622c5a53ab12f3272e6f42f1ce37cd5b6684b2676cb365403295cd40",
                "sha256:b4ad84b156cf50529b8ac5cc1638c2cf8680490e3fccb6121316c8c02620a2e4",
                "sha256:be5fd35e99970518547edc906efab29afd392319f020c3c58b0e1a158e16ed20",
                "sha256:caa68c95bc1776d3521f81eeb4d5b9438be92514ec2a79fececda814099c8314",
                "sha256:d144b350045c53c8ff09aa1cfa955012dd32f00c7e0862c199edcabb1a8b32da",
                "sha256:d2c2d9b24d3c65b5a02cac12cbb4e4194e590314519ed49db2f67ef561c3cf58",
                "sha256:e9e5fd6dbdf95d99bc03732ded1fc8ef22ebbc05999ac7e0c7bf57fe6e4e5ae2",
                "sha256:ebf459a1c069f9866d8569439c06193c586e72c9330db1390af7c6a0a32c4afd",
                "sha256:f31722f1c033c198aa4a39a01905951c00bd1c74f922e8afc1b1c62adbcdd56a",
                "sha256:f68c352a68e5fdf1e97288d5cec9296664c590c25932a8476224124aaf90dbcd"
            ],
            "index": "pypi",
            "version": "==9.1"
        }
    },
    "develop": {}
}
